// !$*UTF8*$!
{
	archiveVersion = 1;
	classes = {
	};
	objectVersion = 46;
	objects = {

/* Begin PBXBuildFile section */
		3B3EF6F61EDB96F600380415 /* PassphraseViewController.swift in Sources */ = {isa = PBXBuildFile; fileRef = 3B3EF6F51EDB96F600380415 /* PassphraseViewController.swift */; };
		3B3EF6F91EDBA8DF00380415 /* Diceware.swift in Sources */ = {isa = PBXBuildFile; fileRef = 3B3EF6F81EDBA8DF00380415 /* Diceware.swift */; };
		3BA3BB1B1EDB834300854006 /* AppDelegate.swift in Sources */ = {isa = PBXBuildFile; fileRef = 3BA3BB1A1EDB834300854006 /* AppDelegate.swift */; };
		3BA3BB201EDB834300854006 /* Main.storyboard in Resources */ = {isa = PBXBuildFile; fileRef = 3BA3BB1E1EDB834300854006 /* Main.storyboard */; };
		3BA3BB221EDB834300854006 /* Assets.xcassets in Resources */ = {isa = PBXBuildFile; fileRef = 3BA3BB211EDB834300854006 /* Assets.xcassets */; };
		3BA3BB251EDB834300854006 /* LaunchScreen.storyboard in Resources */ = {isa = PBXBuildFile; fileRef = 3BA3BB231EDB834300854006 /* LaunchScreen.storyboard */; };
		3BA3BB2F1EDB8A5300854006 /* SelectWordCountViewController.swift in Sources */ = {isa = PBXBuildFile; fileRef = 3BA3BB2E1EDB8A5300854006 /* SelectWordCountViewController.swift */; };
		3BA3BB311EDB8A5E00854006 /* GeneratePassphraseViewController.swift in Sources */ = {isa = PBXBuildFile; fileRef = 3BA3BB301EDB8A5E00854006 /* GeneratePassphraseViewController.swift */; };
		3BAEA1CC1EDBAE1C0016B930 /* diceware.txt in Resources */ = {isa = PBXBuildFile; fileRef = 3BAEA1CB1EDBAE1C0016B930 /* diceware.txt */; };
		3BAEA1CE1EDBB3190016B930 /* AppState.swift in Sources */ = {isa = PBXBuildFile; fileRef = 3BAEA1CD1EDBB3190016B930 /* AppState.swift */; };
/* End PBXBuildFile section */

/* Begin PBXFileReference section */
		3B3EF6F51EDB96F600380415 /* PassphraseViewController.swift */ = {isa = PBXFileReference; fileEncoding = 4; lastKnownFileType = sourcecode.swift; path = PassphraseViewController.swift; sourceTree = "<group>"; };
		3B3EF6F81EDBA8DF00380415 /* Diceware.swift */ = {isa = PBXFileReference; fileEncoding = 4; lastKnownFileType = sourcecode.swift; path = Diceware.swift; sourceTree = "<group>"; };
		3BA3BB171EDB834300854006 /* EasyDiceware.app */ = {isa = PBXFileReference; explicitFileType = wrapper.application; includeInIndex = 0; path = EasyDiceware.app; sourceTree = BUILT_PRODUCTS_DIR; };
		3BA3BB1A1EDB834300854006 /* AppDelegate.swift */ = {isa = PBXFileReference; lastKnownFileType = sourcecode.swift; path = AppDelegate.swift; sourceTree = "<group>"; };
		3BA3BB1F1EDB834300854006 /* Base */ = {isa = PBXFileReference; lastKnownFileType = file.storyboard; name = Base; path = Base.lproj/Main.storyboard; sourceTree = "<group>"; };
		3BA3BB211EDB834300854006 /* Assets.xcassets */ = {isa = PBXFileReference; lastKnownFileType = folder.assetcatalog; path = Assets.xcassets; sourceTree = "<group>"; };
		3BA3BB241EDB834300854006 /* Base */ = {isa = PBXFileReference; lastKnownFileType = file.storyboard; name = Base; path = Base.lproj/LaunchScreen.storyboard; sourceTree = "<group>"; };
		3BA3BB261EDB834300854006 /* Info.plist */ = {isa = PBXFileReference; lastKnownFileType = text.plist.xml; path = Info.plist; sourceTree = "<group>"; };
		3BA3BB2E1EDB8A5300854006 /* SelectWordCountViewController.swift */ = {isa = PBXFileReference; fileEncoding = 4; lastKnownFileType = sourcecode.swift; path = SelectWordCountViewController.swift; sourceTree = "<group>"; };
		3BA3BB301EDB8A5E00854006 /* GeneratePassphraseViewController.swift */ = {isa = PBXFileReference; fileEncoding = 4; lastKnownFileType = sourcecode.swift; path = GeneratePassphraseViewController.swift; sourceTree = "<group>"; };
		3BAEA1CB1EDBAE1C0016B930 /* diceware.txt */ = {isa = PBXFileReference; fileEncoding = 4; lastKnownFileType = text; path = diceware.txt; sourceTree = "<group>"; };
		3BAEA1CD1EDBB3190016B930 /* AppState.swift */ = {isa = PBXFileReference; fileEncoding = 4; lastKnownFileType = sourcecode.swift; path = AppState.swift; sourceTree = "<group>"; };
/* End PBXFileReference section */

/* Begin PBXFrameworksBuildPhase section */
		3BA3BB141EDB834300854006 /* Frameworks */ = {
			isa = PBXFrameworksBuildPhase;
			buildActionMask = 2147483647;
			files = (
			);
			runOnlyForDeploymentPostprocessing = 0;
		};
/* End PBXFrameworksBuildPhase section */

/* Begin PBXGroup section */
		3B3EF6F71EDBA8D500380415 /* Helpers */ = {
			isa = PBXGroup;
			children = (
				3B3EF6F81EDBA8DF00380415 /* Diceware.swift */,
			);
			path = Helpers;
			sourceTree = "<group>";
		};
		3BA3BB0E1EDB834300854006 = {
			isa = PBXGroup;
			children = (
				3BA3BB181EDB834300854006 /* Products */,
				3BA3BB331EDB8A7100854006 /* Resources */,
				3BA3BB191EDB834300854006 /* Sources */,
			);
			sourceTree = "<group>";
		};
		3BA3BB181EDB834300854006 /* Products */ = {
			isa = PBXGroup;
			children = (
				3BA3BB171EDB834300854006 /* EasyDiceware.app */,
			);
			name = Products;
			sourceTree = "<group>";
		};
		3BA3BB191EDB834300854006 /* Sources */ = {
			isa = PBXGroup;
			children = (
				3BA3BB321EDB8A6200854006 /* Application */,
				3B3EF6F71EDBA8D500380415 /* Helpers */,
				3BA3BB341EDB8A7900854006 /* View Controllers */,
			);
			path = Sources;
			sourceTree = "<group>";
		};
		3BA3BB321EDB8A6200854006 /* Application */ = {
			isa = PBXGroup;
			children = (
				3BA3BB1A1EDB834300854006 /* AppDelegate.swift */,
				3BAEA1CD1EDBB3190016B930 /* AppState.swift */,
			);
			path = Application;
			sourceTree = "<group>";
		};
		3BA3BB331EDB8A7100854006 /* Resources */ = {
			isa = PBXGroup;
			children = (
				3BA3BB211EDB834300854006 /* Assets.xcassets */,
				3BAEA1CB1EDBAE1C0016B930 /* diceware.txt */,
				3BA3BB261EDB834300854006 /* Info.plist */,
				3BA3BB231EDB834300854006 /* LaunchScreen.storyboard */,
				3BA3BB1E1EDB834300854006 /* Main.storyboard */,
			);
			path = Resources;
			sourceTree = "<group>";
		};
		3BA3BB341EDB8A7900854006 /* View Controllers */ = {
			isa = PBXGroup;
			children = (
				3BA3BB301EDB8A5E00854006 /* GeneratePassphraseViewController.swift */,
				3B3EF6F51EDB96F600380415 /* PassphraseViewController.swift */,
				3BA3BB2E1EDB8A5300854006 /* SelectWordCountViewController.swift */,
			);
			path = "View Controllers";
			sourceTree = "<group>";
		};
/* End PBXGroup section */

/* Begin PBXNativeTarget section */
		3BA3BB161EDB834300854006 /* EasyDiceware */ = {
			isa = PBXNativeTarget;
			buildConfigurationList = 3BA3BB291EDB834300854006 /* Build configuration list for PBXNativeTarget "EasyDiceware" */;
			buildPhases = (
				3BA3BB131EDB834300854006 /* Sources */,
				3BA3BB141EDB834300854006 /* Frameworks */,
				3BA3BB151EDB834300854006 /* Resources */,
			);
			buildRules = (
			);
			dependencies = (
			);
			name = EasyDiceware;
			productName = EasyDiceware;
			productReference = 3BA3BB171EDB834300854006 /* EasyDiceware.app */;
			productType = "com.apple.product-type.application";
		};
/* End PBXNativeTarget section */

/* Begin PBXProject section */
		3BA3BB0F1EDB834300854006 /* Project object */ = {
			isa = PBXProject;
			attributes = {
				LastSwiftUpdateCheck = 0830;
				LastUpgradeCheck = 0830;
				ORGANIZATIONNAME = "Colin Drake";
				TargetAttributes = {
					3BA3BB161EDB834300854006 = {
						CreatedOnToolsVersion = 8.3.1;
						ProvisioningStyle = Manual;
					};
				};
			};
			buildConfigurationList = 3BA3BB121EDB834300854006 /* Build configuration list for PBXProject "EasyDiceware" */;
			compatibilityVersion = "Xcode 3.2";
			developmentRegion = English;
			hasScannedForEncodings = 0;
			knownRegions = (
				en,
				Base,
			);
			mainGroup = 3BA3BB0E1EDB834300854006;
			productRefGroup = 3BA3BB181EDB834300854006 /* Products */;
			projectDirPath = "";
			projectRoot = "";
			targets = (
				3BA3BB161EDB834300854006 /* EasyDiceware */,
			);
		};
/* End PBXProject section */

/* Begin PBXResourcesBuildPhase section */
		3BA3BB151EDB834300854006 /* Resources */ = {
			isa = PBXResourcesBuildPhase;
			buildActionMask = 2147483647;
			files = (
				3BAEA1CC1EDBAE1C0016B930 /* diceware.txt in Resources */,
				3BA3BB251EDB834300854006 /* LaunchScreen.storyboard in Resources */,
				3BA3BB221EDB834300854006 /* Assets.xcassets in Resources */,
				3BA3BB201EDB834300854006 /* Main.storyboard in Resources */,
			);
			runOnlyForDeploymentPostprocessing = 0;
		};
/* End PBXResourcesBuildPhase section */

/* Begin PBXSourcesBuildPhase section */
		3BA3BB131EDB834300854006 /* Sources */ = {
			isa = PBXSourcesBuildPhase;
			buildActionMask = 2147483647;
			files = (
				3B3EF6F61EDB96F600380415 /* PassphraseViewController.swift in Sources */,
				3B3EF6F91EDBA8DF00380415 /* Diceware.swift in Sources */,
				3BA3BB311EDB8A5E00854006 /* GeneratePassphraseViewController.swift in Sources */,
				3BAEA1CE1EDBB3190016B930 /* AppState.swift in Sources */,
				3BA3BB2F1EDB8A5300854006 /* SelectWordCountViewController.swift in Sources */,
				3BA3BB1B1EDB834300854006 /* AppDelegate.swift in Sources */,
			);
			runOnlyForDeploymentPostprocessing = 0;
		};
/* End PBXSourcesBuildPhase section */

/* Begin PBXVariantGroup section */
		3BA3BB1E1EDB834300854006 /* Main.storyboard */ = {
			isa = PBXVariantGroup;
			children = (
				3BA3BB1F1EDB834300854006 /* Base */,
			);
			name = Main.storyboard;
			path = .;
			sourceTree = "<group>";
		};
		3BA3BB231EDB834300854006 /* LaunchScreen.storyboard */ = {
			isa = PBXVariantGroup;
			children = (
				3BA3BB241EDB834300854006 /* Base */,
			);
			name = LaunchScreen.storyboard;
			path = .;
			sourceTree = "<group>";
		};
/* End PBXVariantGroup section */

/* Begin XCBuildConfiguration section */
		3BA3BB271EDB834300854006 /* Debug */ = {
			isa = XCBuildConfiguration;
			buildSettings = {
				ALWAYS_SEARCH_USER_PATHS = NO;
				CLANG_ANALYZER_NONNULL = YES;
				CLANG_ANALYZER_NUMBER_OBJECT_CONVERSION = YES_AGGRESSIVE;
				CLANG_CXX_LANGUAGE_STANDARD = "gnu++0x";
				CLANG_CXX_LIBRARY = "libc++";
				CLANG_ENABLE_MODULES = YES;
				CLANG_ENABLE_OBJC_ARC = YES;
				CLANG_WARN_BOOL_CONVERSION = YES;
				CLANG_WARN_CONSTANT_CONVERSION = YES;
				CLANG_WARN_DIRECT_OBJC_ISA_USAGE = YES_ERROR;
				CLANG_WARN_DOCUMENTATION_COMMENTS = YES;
				CLANG_WARN_EMPTY_BODY = YES;
				CLANG_WARN_ENUM_CONVERSION = YES;
				CLANG_WARN_INFINITE_RECURSION = YES;
				CLANG_WARN_INT_CONVERSION = YES;
				CLANG_WARN_OBJC_ROOT_CLASS = YES_ERROR;
				CLANG_WARN_SUSPICIOUS_MOVE = YES;
				CLANG_WARN_UNREACHABLE_CODE = YES;
				CLANG_WARN__DUPLICATE_METHOD_MATCH = YES;
				"CODE_SIGN_IDENTITY[sdk=iphoneos*]" = "iPhone Developer";
				COPY_PHASE_STRIP = NO;
				DEBUG_INFORMATION_FORMAT = dwarf;
				ENABLE_STRICT_OBJC_MSGSEND = YES;
				ENABLE_TESTABILITY = YES;
				GCC_C_LANGUAGE_STANDARD = gnu99;
				GCC_DYNAMIC_NO_PIC = NO;
				GCC_NO_COMMON_BLOCKS = YES;
				GCC_OPTIMIZATION_LEVEL = 0;
				GCC_PREPROCESSOR_DEFINITIONS = (
					"DEBUG=1",
					"$(inherited)",
				);
				GCC_WARN_64_TO_32_BIT_CONVERSION = YES;
				GCC_WARN_ABOUT_RETURN_TYPE = YES_ERROR;
				GCC_WARN_UNDECLARED_SELECTOR = YES;
				GCC_WARN_UNINITIALIZED_AUTOS = YES_AGGRESSIVE;
				GCC_WARN_UNUSED_FUNCTION = YES;
				GCC_WARN_UNUSED_VARIABLE = YES;
				IPHONEOS_DEPLOYMENT_TARGET = 10.3;
				MTL_ENABLE_DEBUG_INFO = YES;
				ONLY_ACTIVE_ARCH = YES;
				SDKROOT = iphoneos;
				SWIFT_ACTIVE_COMPILATION_CONDITIONS = DEBUG;
				SWIFT_OPTIMIZATION_LEVEL = "-Onone";
			};
			name = Debug;
		};
		3BA3BB281EDB834300854006 /* Release */ = {
			isa = XCBuildConfiguration;
			buildSettings = {
				ALWAYS_SEARCH_USER_PATHS = NO;
				CLANG_ANALYZER_NONNULL = YES;
				CLANG_ANALYZER_NUMBER_OBJECT_CONVERSION = YES_AGGRESSIVE;
				CLANG_CXX_LANGUAGE_STANDARD = "gnu++0x";
				CLANG_CXX_LIBRARY = "libc++";
				CLANG_ENABLE_MODULES = YES;
				CLANG_ENABLE_OBJC_ARC = YES;
				CLANG_WARN_BOOL_CONVERSION = YES;
				CLANG_WARN_CONSTANT_CONVERSION = YES;
				CLANG_WARN_DIRECT_OBJC_ISA_USAGE = YES_ERROR;
				CLANG_WARN_DOCUMENTATION_COMMENTS = YES;
				CLANG_WARN_EMPTY_BODY = YES;
				CLANG_WARN_ENUM_CONVERSION = YES;
				CLANG_WARN_INFINITE_RECURSION = YES;
				CLANG_WARN_INT_CONVERSION = YES;
				CLANG_WARN_OBJC_ROOT_CLASS = YES_ERROR;
				CLANG_WARN_SUSPICIOUS_MOVE = YES;
				CLANG_WARN_UNREACHABLE_CODE = YES;
				CLANG_WARN__DUPLICATE_METHOD_MATCH = YES;
				"CODE_SIGN_IDENTITY[sdk=iphoneos*]" = "iPhone Developer";
				COPY_PHASE_STRIP = NO;
				DEBUG_INFORMATION_FORMAT = "dwarf-with-dsym";
				ENABLE_NS_ASSERTIONS = NO;
				ENABLE_STRICT_OBJC_MSGSEND = YES;
				GCC_C_LANGUAGE_STANDARD = gnu99;
				GCC_NO_COMMON_BLOCKS = YES;
				GCC_WARN_64_TO_32_BIT_CONVERSION = YES;
				GCC_WARN_ABOUT_RETURN_TYPE = YES_ERROR;
				GCC_WARN_UNDECLARED_SELECTOR = YES;
				GCC_WARN_UNINITIALIZED_AUTOS = YES_AGGRESSIVE;
				GCC_WARN_UNUSED_FUNCTION = YES;
				GCC_WARN_UNUSED_VARIABLE = YES;
				IPHONEOS_DEPLOYMENT_TARGET = 10.3;
				MTL_ENABLE_DEBUG_INFO = NO;
				SDKROOT = iphoneos;
				SWIFT_OPTIMIZATION_LEVEL = "-Owholemodule";
				VALIDATE_PRODUCT = YES;
			};
			name = Release;
		};
		3BA3BB2A1EDB834300854006 /* Debug */ = {
			isa = XCBuildConfiguration;
			buildSettings = {
				ASSETCATALOG_COMPILER_APPICON_NAME = AppIcon;
				DEVELOPMENT_TEAM = "";
				INFOPLIST_FILE = Resources/Info.plist;
				LD_RUNPATH_SEARCH_PATHS = "$(inherited) @executable_path/Frameworks";
				PRODUCT_BUNDLE_IDENTIFIER = me.colindrake.EasyDiceware;
				PRODUCT_NAME = "$(TARGET_NAME)";
				PROVISIONING_PROFILE_SPECIFIER = "";
				SWIFT_VERSION = 3.0;
			};
			name = Debug;
		};
		3BA3BB2B1EDB834300854006 /* Release */ = {
			isa = XCBuildConfiguration;
			buildSettings = {
				ASSETCATALOG_COMPILER_APPICON_NAME = AppIcon;
				DEVELOPMENT_TEAM = "";
				INFOPLIST_FILE = Resources/Info.plist;
				LD_RUNPATH_SEARCH_PATHS = "$(inherited) @executable_path/Frameworks";
				PRODUCT_BUNDLE_IDENTIFIER = me.colindrake.EasyDiceware;
				PRODUCT_NAME = "$(TARGET_NAME)";
				PROVISIONING_PROFILE_SPECIFIER = "";
				SWIFT_VERSION = 3.0;
			};
			name = Release;
		};
/* End XCBuildConfiguration section */

/* Begin XCConfigurationList section */
		3BA3BB121EDB834300854006 /* Build configuration list for PBXProject "EasyDiceware" */ = {
			isa = XCConfigurationList;
			buildConfigurations = (
				3BA3BB271EDB834300854006 /* Debug */,
				3BA3BB281EDB834300854006 /* Release */,
			);
			defaultConfigurationIsVisible = 0;
			defaultConfigurationName = Release;
		};
		3BA3BB291EDB834300854006 /* Build configuration list for PBXNativeTarget "EasyDiceware" */ = {
			isa = XCConfigurationList;
			buildConfigurations = (
				3BA3BB2A1EDB834300854006 /* Debug */,
				3BA3BB2B1EDB834300854006 /* Release */,
			);
			defaultConfigurationIsVisible = 0;
			defaultConfigurationName = Release;
		};
/* End XCConfigurationList section */
	};
	rootObject = 3BA3BB0F1EDB834300854006 /* Project object */;
}
